
Microsoft Visual Studio Solution File, Format Version 12.00
# Visual Studio Version 16
VisualStudioVersion = 16.0.31112.23
MinimumVisualStudioVersion = 10.0.40219.1
Project("{FAE04EC0-301F-11D3-BF4B-00C04F79EFBC}") = "Teste.WPF.Style", "Teste.WPF.Style\Teste.WPF.Style.csproj", "{A139B4C8-C4B8-462D-B304-7AF150E06319}"
EndProject
Global
	GlobalSection(SolutionConfigurationPlatforms) = preSolution
		Debug|Any CPU = Debug|Any CPU
		Release|Any CPU = Release|Any CPU
	EndGlobalSection
	GlobalSection(ProjectConfigurationPlatforms) = postSolution
		{A139B4C8-C4B8-462D-B304-7AF150E06319}.Debug|Any CPU.ActiveCfg = Debug|Any CPU
		{A139B4C8-C4B8-462D-B304-7AF150E06319}.Debug|Any CPU.Build.0 = Debug|Any CPU
		{A139B4C8-C4B8-462D-B304-7AF150E06319}.Release|Any CPU.ActiveCfg = Release|Any CPU
		{A139B4C8-C4B8-462D-B304-7AF150E06319}.Release|Any CPU.Build.0 = Release|Any CPU
	EndGlobalSection
	GlobalSection(SolutionProperties) = preSolution
		HideSolutionNode = FALSE
	EndGlobalSection
	GlobalSection(ExtensibilityGlobals) = postSolution
		SolutionGuid = {B3E32F36-569B-4464-8FD2-4CD34FE3DF94}
	EndGlobalSection
EndGlobal
