
Microsoft Visual Studio Solution File, Format Version 12.00
# Visual Studio Version 16
VisualStudioVersion = 16.0.31112.23
MinimumVisualStudioVersion = 10.0.40219.1
Project("{FAE04EC0-301F-11D3-BF4B-00C04F79EFBC}") = "WakeUp.API", "WakeUp.API\WakeUp.API.csproj", "{A846BA4E-3B29-4AD5-B14B-577B807FACF2}"
EndProject
Global
	GlobalSection(SolutionConfigurationPlatforms) = preSolution
		Debug|Any CPU = Debug|Any CPU
		Release|Any CPU = Release|Any CPU
	EndGlobalSection
	GlobalSection(ProjectConfigurationPlatforms) = postSolution
		{A846BA4E-3B29-4AD5-B14B-577B807FACF2}.Debug|Any CPU.ActiveCfg = Debug|Any CPU
		{A846BA4E-3B29-4AD5-B14B-577B807FACF2}.Debug|Any CPU.Build.0 = Debug|Any CPU
		{A846BA4E-3B29-4AD5-B14B-577B807FACF2}.Release|Any CPU.ActiveCfg = Release|Any CPU
		{A846BA4E-3B29-4AD5-B14B-577B807FACF2}.Release|Any CPU.Build.0 = Release|Any CPU
	EndGlobalSection
	GlobalSection(SolutionProperties) = preSolution
		HideSolutionNode = FALSE
	EndGlobalSection
	GlobalSection(ExtensibilityGlobals) = postSolution
		SolutionGuid = {42CEDFCF-B495-4351-81A9-ACA5A847A7DC}
	EndGlobalSection
EndGlobal
